{
  "name": "noderpg",
  "version": "1.0.0",
  "lockfileVersion": 1,
  "requires": true,
  "dependencies": {
    "key-events": {
      "version": "0.1.1",
      "resolved": "https://registry.npmjs.org/key-events/-/key-events-0.1.1.tgz",
      "integrity": "sha512-lul8mgZxA4BKvo0+t1L80s/8qk3A2vFFBwpVjyTCRzLl8RrZDF68WjjTzW6tkGcZCt6fm8zXRAW628C11xsBAA==",
      "requires": {
        "vkey": "^1.0.1"
      }
    },
    "mouse-events": {
      "version": "0.0.1",
      "resolved": "https://registry.npmjs.org/mouse-events/-/mouse-events-0.0.1.tgz",
      "integrity": "sha1-ArfERvOkLMfwrMTrZz2Nes9AooA="
    },
    "package-lock.json": {
      "version": "1.0.0",
      "resolved": "https://registry.npmjs.org/package-lock.json/-/package-lock.json-1.0.0.tgz",
      "integrity": "sha512-+yEXtNdlCs5N0Zy/9uvkifgf/RqnGu0WqP4j9Wu1Us4YReFe1YNBh2Krmf8B1xGxjpYnta63K55QP8bkafnOzA=="
    },
    "touch-events2": {
      "version": "1.0.0",
      "resolved": "https://registry.npmjs.org/touch-events2/-/touch-events2-1.0.0.tgz",
      "integrity": "sha1-lpiP2emsQvBU25ZkJ3ku8y66RL0="
    },
    "user-input": {
      "version": "1.5.1",
      "resolved": "https://registry.npmjs.org/user-input/-/user-input-1.5.1.tgz",
      "integrity": "sha512-y1ewQ/tC21HelnlcAAbU5liCYjuXwEo3xzVBtG5OB1EfKyr7uN9wDDpVjwWKrOv1DIiNw6Glt4Q1pX+XJMboQw==",
      "requires": {
        "user-input-gamepad": "^0.0.1",
        "user-input-keyboard": "^0.4.1",
        "user-input-mouse": "^2.0.1",
        "user-input-touch": "^1.0.2"
      }
    },
    "user-input-gamepad": {
      "version": "0.0.1",
      "resolved": "https://registry.npmjs.org/user-input-gamepad/-/user-input-gamepad-0.0.1.tgz",
      "integrity": "sha1-Yfv0/PIzo0td/SBmlE/U8aq/5+Q="
    },
    "user-input-keyboard": {
      "version": "0.4.3",
      "resolved": "https://registry.npmjs.org/user-input-keyboard/-/user-input-keyboard-0.4.3.tgz",
      "integrity": "sha512-vguNWIVIaiMcwPmyRpzIAnHPHLAWVLyDzks09kyh+7a4nkuKyZpE2vfncDMeuag/cqTnDe0nfKw6+cGwWR+0fQ==",
      "requires": {
        "key-events": "0.1.0"
      },
      "dependencies": {
        "key-events": {
          "version": "0.1.0",
          "resolved": "https://registry.npmjs.org/key-events/-/key-events-0.1.0.tgz",
          "integrity": "sha1-a2xfPCMkIDX59MlQBnfXWpQkV64=",
          "requires": {
            "vkey": "^1.0.0"
          }
        }
      }
    },
    "user-input-mapping": {
      "version": "1.4.2",
      "resolved": "https://registry.npmjs.org/user-input-mapping/-/user-input-mapping-1.4.2.tgz",
      "integrity": "sha512-FPl+nUBmFDjHIYznfYQgYsuIjv4mSv8C3ClBfTwAtV56Be7k+jR+zeBUc+oUG9H6TZEirQ3vt+tTgLWf1yEf2g=="
    },
    "user-input-mouse": {
      "version": "2.0.2",
      "resolved": "https://registry.npmjs.org/user-input-mouse/-/user-input-mouse-2.0.2.tgz",
      "integrity": "sha512-BrzRQJ37x/Js42dREGQAXecvqvwXVCUmY56TFqFQW58wBEzXALwmrL+CbFLLgf00f5/aOjQLv1qu4LG0NvJAUA==",
      "requires": {
        "mouse-events": "0.0.1",
        "package-lock.json": "^1.0.0"
      }
    },
    "user-input-touch": {
      "version": "1.0.2",
      "resolved": "https://registry.npmjs.org/user-input-touch/-/user-input-touch-1.0.2.tgz",
      "integrity": "sha512-JH9Zv8KIKt6TFYe2kFM9w1ohsvEZHZR1i9AvlNIO7t92pbU1xQajDA8KpcXNYTgPIxVjWexNCJZMK1/s4sw1zg==",
      "requires": {
        "touch-events2": "^1.0.0"
      }
    },
    "vkey": {
      "version": "1.0.1",
      "resolved": "https://registry.npmjs.org/vkey/-/vkey-1.0.1.tgz",
      "integrity": "sha1-ccVqy3WegDIcldYWwrf8VQWRgcA="
    }
  }
}
